
Microsoft Visual Studio Solution File, Format Version 12.00
# Visual Studio Version 16
VisualStudioVersion = 16.0.29709.97
MinimumVisualStudioVersion = 10.0.40219.1
Project("{FAE04EC0-301F-11D3-BF4B-00C04F79EFBC}") = "LoanHelper", "LoanCalculations\LoanHelper.csproj", "{5E4B903C-EBE4-4E4D-81BD-021F38E83F89}"
EndProject
Project("{FAE04EC0-301F-11D3-BF4B-00C04F79EFBC}") = "BankLoansDataModel", "BankLoansDataModel\BankLoansDataModel.csproj", "{836BA870-E560-4EC7-81C2-6C7C4A465EB7}"
EndProject
Project("{FAE04EC0-301F-11D3-BF4B-00C04F79EFBC}") = "RGR_DB_Test_ADO", "..\RGR_DB_Test_ADO\RGR_DB_Test_ADO.csproj", "{2D5BCEEF-077D-4723-98FE-1A867ADECC05}"
EndProject
Project("{FAE04EC0-301F-11D3-BF4B-00C04F79EFBC}") = "LoanHelper.Core", "LoanHelper.Core\LoanHelper.Core.csproj", "{FE4369F7-41E9-48C7-9875-F6A105AC95A5}"
EndProject
Project("{FAE04EC0-301F-11D3-BF4B-00C04F79EFBC}") = "ClientInfo", "ClientInfo\ClientInfo.csproj", "{C9C6132F-59C3-4C90-BE5A-1BF0CC017B69}"
EndProject
Global
	GlobalSection(SolutionConfigurationPlatforms) = preSolution
		Debug|Any CPU = Debug|Any CPU
		Release|Any CPU = Release|Any CPU
	EndGlobalSection
	GlobalSection(ProjectConfigurationPlatforms) = postSolution
		{5E4B903C-EBE4-4E4D-81BD-021F38E83F89}.Debug|Any CPU.ActiveCfg = Debug|Any CPU
		{5E4B903C-EBE4-4E4D-81BD-021F38E83F89}.Debug|Any CPU.Build.0 = Debug|Any CPU
		{5E4B903C-EBE4-4E4D-81BD-021F38E83F89}.Release|Any CPU.ActiveCfg = Release|Any CPU
		{5E4B903C-EBE4-4E4D-81BD-021F38E83F89}.Release|Any CPU.Build.0 = Release|Any CPU
		{836BA870-E560-4EC7-81C2-6C7C4A465EB7}.Debug|Any CPU.ActiveCfg = Debug|Any CPU
		{836BA870-E560-4EC7-81C2-6C7C4A465EB7}.Debug|Any CPU.Build.0 = Debug|Any CPU
		{836BA870-E560-4EC7-81C2-6C7C4A465EB7}.Release|Any CPU.ActiveCfg = Release|Any CPU
		{836BA870-E560-4EC7-81C2-6C7C4A465EB7}.Release|Any CPU.Build.0 = Release|Any CPU
		{2D5BCEEF-077D-4723-98FE-1A867ADECC05}.Debug|Any CPU.ActiveCfg = Debug|Any CPU
		{2D5BCEEF-077D-4723-98FE-1A867ADECC05}.Debug|Any CPU.Build.0 = Debug|Any CPU
		{2D5BCEEF-077D-4723-98FE-1A867ADECC05}.Release|Any CPU.ActiveCfg = Release|Any CPU
		{2D5BCEEF-077D-4723-98FE-1A867ADECC05}.Release|Any CPU.Build.0 = Release|Any CPU
		{FE4369F7-41E9-48C7-9875-F6A105AC95A5}.Debug|Any CPU.ActiveCfg = Debug|Any CPU
		{FE4369F7-41E9-48C7-9875-F6A105AC95A5}.Debug|Any CPU.Build.0 = Debug|Any CPU
		{FE4369F7-41E9-48C7-9875-F6A105AC95A5}.Release|Any CPU.ActiveCfg = Release|Any CPU
		{FE4369F7-41E9-48C7-9875-F6A105AC95A5}.Release|Any CPU.Build.0 = Release|Any CPU
		{C9C6132F-59C3-4C90-BE5A-1BF0CC017B69}.Debug|Any CPU.ActiveCfg = Debug|Any CPU
		{C9C6132F-59C3-4C90-BE5A-1BF0CC017B69}.Debug|Any CPU.Build.0 = Debug|Any CPU
		{C9C6132F-59C3-4C90-BE5A-1BF0CC017B69}.Release|Any CPU.ActiveCfg = Release|Any CPU
		{C9C6132F-59C3-4C90-BE5A-1BF0CC017B69}.Release|Any CPU.Build.0 = Release|Any CPU
	EndGlobalSection
	GlobalSection(SolutionProperties) = preSolution
		HideSolutionNode = FALSE
	EndGlobalSection
	GlobalSection(ExtensibilityGlobals) = postSolution
		SolutionGuid = {CAF58334-10A7-4D02-901E-8869C3B8CCE5}
	EndGlobalSection
EndGlobal
